
Microsoft Visual Studio Solution File, Format Version 12.00
# Visual Studio Version 17
VisualStudioVersion = 17.0.31903.59
MinimumVisualStudioVersion = 10.0.40219.1
Project("{FAE04EC0-301F-11D3-BF4B-00C04F79EFBC}") = "vuttr-api.domain", "vuttr-api.domain\vuttr-api.domain.csproj", "{E94F1330-28E3-4873-9753-F1CBDAE88EAC}"
EndProject
Project("{FAE04EC0-301F-11D3-BF4B-00C04F79EFBC}") = "vuttr-api.persistence", "vuttr-api.persistence\vuttr-api.persistence.csproj", "{90DC2F5F-83EA-49FC-925A-12F58613F40D}"
EndProject
Project("{FAE04EC0-301F-11D3-BF4B-00C04F79EFBC}") = "vuttr-api.services", "vuttr-api.services\vuttr-api.services.csproj", "{56CF3376-EE78-41D0-B9EF-644B8F6CA1F0}"
EndProject
Project("{FAE04EC0-301F-11D3-BF4B-00C04F79EFBC}") = "vuttr-api.infrastructure", "vuttr-api.infrastructure\vuttr-api.infrastructure.csproj", "{EC0B5CD0-E98D-4EF9-BD73-A24A60B16348}"
EndProject
Project("{FAE04EC0-301F-11D3-BF4B-00C04F79EFBC}") = "vuttr-api.presentation", "vuttr-api.presentation\vuttr-api.presentation.csproj", "{7EA83229-7F1E-4F6C-A776-184EF470F9FA}"
EndProject
Project("{FAE04EC0-301F-11D3-BF4B-00C04F79EFBC}") = "vuttr-api.tests", "..\tests\vuttr-api.tests\vuttr-api.tests.csproj", "{577D3C33-EC4D-40BF-B2A0-B86E4B7EC856}"
EndProject
Global
	GlobalSection(SolutionConfigurationPlatforms) = preSolution
		Debug|Any CPU = Debug|Any CPU
		Release|Any CPU = Release|Any CPU
	EndGlobalSection
	GlobalSection(SolutionProperties) = preSolution
		HideSolutionNode = FALSE
	EndGlobalSection
	GlobalSection(ProjectConfigurationPlatforms) = postSolution
		{E94F1330-28E3-4873-9753-F1CBDAE88EAC}.Debug|Any CPU.ActiveCfg = Debug|Any CPU
		{E94F1330-28E3-4873-9753-F1CBDAE88EAC}.Debug|Any CPU.Build.0 = Debug|Any CPU
		{E94F1330-28E3-4873-9753-F1CBDAE88EAC}.Release|Any CPU.ActiveCfg = Release|Any CPU
		{E94F1330-28E3-4873-9753-F1CBDAE88EAC}.Release|Any CPU.Build.0 = Release|Any CPU
		{90DC2F5F-83EA-49FC-925A-12F58613F40D}.Debug|Any CPU.ActiveCfg = Debug|Any CPU
		{90DC2F5F-83EA-49FC-925A-12F58613F40D}.Debug|Any CPU.Build.0 = Debug|Any CPU
		{90DC2F5F-83EA-49FC-925A-12F58613F40D}.Release|Any CPU.ActiveCfg = Release|Any CPU
		{90DC2F5F-83EA-49FC-925A-12F58613F40D}.Release|Any CPU.Build.0 = Release|Any CPU
		{56CF3376-EE78-41D0-B9EF-644B8F6CA1F0}.Debug|Any CPU.ActiveCfg = Debug|Any CPU
		{56CF3376-EE78-41D0-B9EF-644B8F6CA1F0}.Debug|Any CPU.Build.0 = Debug|Any CPU
		{56CF3376-EE78-41D0-B9EF-644B8F6CA1F0}.Release|Any CPU.ActiveCfg = Release|Any CPU
		{56CF3376-EE78-41D0-B9EF-644B8F6CA1F0}.Release|Any CPU.Build.0 = Release|Any CPU
		{EC0B5CD0-E98D-4EF9-BD73-A24A60B16348}.Debug|Any CPU.ActiveCfg = Debug|Any CPU
		{EC0B5CD0-E98D-4EF9-BD73-A24A60B16348}.Debug|Any CPU.Build.0 = Debug|Any CPU
		{EC0B5CD0-E98D-4EF9-BD73-A24A60B16348}.Release|Any CPU.ActiveCfg = Release|Any CPU
		{EC0B5CD0-E98D-4EF9-BD73-A24A60B16348}.Release|Any CPU.Build.0 = Release|Any CPU
		{7EA83229-7F1E-4F6C-A776-184EF470F9FA}.Debug|Any CPU.ActiveCfg = Debug|Any CPU
		{7EA83229-7F1E-4F6C-A776-184EF470F9FA}.Debug|Any CPU.Build.0 = Debug|Any CPU
		{7EA83229-7F1E-4F6C-A776-184EF470F9FA}.Release|Any CPU.ActiveCfg = Release|Any CPU
		{7EA83229-7F1E-4F6C-A776-184EF470F9FA}.Release|Any CPU.Build.0 = Release|Any CPU
		{577D3C33-EC4D-40BF-B2A0-B86E4B7EC856}.Debug|Any CPU.ActiveCfg = Debug|Any CPU
		{577D3C33-EC4D-40BF-B2A0-B86E4B7EC856}.Debug|Any CPU.Build.0 = Debug|Any CPU
		{577D3C33-EC4D-40BF-B2A0-B86E4B7EC856}.Release|Any CPU.ActiveCfg = Release|Any CPU
		{577D3C33-EC4D-40BF-B2A0-B86E4B7EC856}.Release|Any CPU.Build.0 = Release|Any CPU
	EndGlobalSection
EndGlobal
